<?xml version="1.0" encoding="utf-8"?>
<Project ToolsVersion="4.0" xmlns="http://schemas.microsoft.com/developer/msbuild/2003">
  <ItemGroup>
    <Filter Include="Quelldateien">
      <UniqueIdentifier>{4FC737F1-C7A5-4376-A066-2A32D752A2FF}</UniqueIdentifier>
      <Extensions>cpp;c;cc;cxx;def;odl;idl;hpj;bat;asm;asmx</Extensions>
    </Filter>
    <Filter Include="Headerdateien">
      <UniqueIdentifier>{93995380-89BD-4b04-88EB-625FBE52EBFB}</UniqueIdentifier>
      <Extensions>h;hh;hpp;hxx;hm;inl;inc;xsd</Extensions>
    </Filter>
    <Filter Include="Ressourcendateien">
      <UniqueIdentifier>{67DA6AB6-F800-4c08-8B7A-83BB121AAD01}</UniqueIdentifier>
      <Extensions>rc;ico;cur;bmp;dlg;rc2;rct;bin;rgs;gif;jpg;jpeg;jpe;resx;tiff;tif;png;wav;mfcribbon-ms</Extensions>
    </Filter>
    <Filter Include="Headerdateien\Graphics">
      <UniqueIdentifier>{483f248e-ca59-49e9-9e5b-402bf814f0d9}</UniqueIdentifier>
    </Filter>
    <Filter Include="Quelldateien\Graphics">
      <UniqueIdentifier>{b57467dd-1295-4207-bd15-7f79746e418a}</UniqueIdentifier>
    </Filter>
    <Filter Include="Shader">
      <UniqueIdentifier>{d536a70a-2d54-40d3-9a78-9fedce7d7e89}</UniqueIdentifier>
    </Filter>
    <Filter Include="Headerdateien\ECS">
      <UniqueIdentifier>{6f395d6e-c146-4ba5-8413-f140f6b6ed32}</UniqueIdentifier>
    </Filter>
  </ItemGroup>
  <ItemGroup>
    <ClCompile Include="source\application.cpp">
      <Filter>Quelldateien</Filter>
    </ClCompile>
    <ClCompile Include="source\game.cpp">
      <Filter>Quelldateien</Filter>
    </ClCompile>
    <ClCompile Include="source\globals.cpp">
      <Filter>Quelldateien</Filter>
    </ClCompile>
    <ClCompile Include="source\timer.cpp">
      <Filter>Quelldateien</Filter>
    </ClCompile>
    <ClCompile Include="source\graphics\direct3d.cpp">
      <Filter>Quelldateien\Graphics</Filter>
    </ClCompile>
    <ClCompile Include="source\graphics\renderer.cpp">
      <Filter>Quelldateien\Graphics</Filter>
    </ClCompile>
    <ClCompile Include="source\scene.cpp">
      <Filter>Quelldateien</Filter>
    </ClCompile>
    <ClCompile Include="source\graphics\camera.cpp">
      <Filter>Quelldateien\Graphics</Filter>
    </ClCompile>
    <ClCompile Include="source\graphics\shaderloader.cpp">
      <Filter>Quelldateien\Graphics</Filter>
    </ClCompile>
    <ClCompile Include="source\graphics\model.cpp">
      <Filter>Quelldateien\Graphics</Filter>
    </ClCompile>
    <ClCompile Include="source\tile.cpp">
      <Filter>Quelldateien</Filter>
    </ClCompile>
  </ItemGroup>
  <ItemGroup>
    <ClInclude Include="header\game.h">
      <Filter>Headerdateien</Filter>
    </ClInclude>
    <ClInclude Include="header\graphics\renderer.h">
      <Filter>Headerdateien\Graphics</Filter>
    </ClInclude>
    <ClInclude Include="header\timer.h">
      <Filter>Headerdateien</Filter>
    </ClInclude>
    <ClInclude Include="header\graphics\direct3d.h">
      <Filter>Headerdateien\Graphics</Filter>
    </ClInclude>
    <ClInclude Include="header\scene.h">
      <Filter>Headerdateien</Filter>
    </ClInclude>
    <ClInclude Include="header\graphics\camera.h">
      <Filter>Headerdateien\Graphics</Filter>
    </ClInclude>
    <ClInclude Include="header\graphics\shaderloader.h">
      <Filter>Headerdateien\Graphics</Filter>
    </ClInclude>
    <ClInclude Include="header\graphics\model.h">
      <Filter>Headerdateien\Graphics</Filter>
    </ClInclude>
    <ClInclude Include="header\tile.h">
      <Filter>Headerdateien</Filter>
    </ClInclude>
    <ClInclude Include="header\ecs\manager.h">
      <Filter>Headerdateien\ECS</Filter>
    </ClInclude>
    <ClInclude Include="header\ecs\defs.h">
      <Filter>Headerdateien\ECS</Filter>
    </ClInclude>
    <ClInclude Include="header\ecs\settings.h">
      <Filter>Headerdateien\ECS</Filter>
    </ClInclude>
  </ItemGroup>
  <ItemGroup>
    <None Include="shader\color.vs">
      <Filter>Shader</Filter>
    </None>
    <None Include="shader\color.fs">
      <Filter>Shader</Filter>
    </None>
  </ItemGroup>
</Project>